// !$*UTF8*$!
{
	archiveVersion = 1;
	classes = {
	};
	objectVersion = 46;
	objects = {

/* Begin PBXBuildFile section */
		482CA070E1A8B1A623578FB5 /* libPods-DiaCats.a in Frameworks */ = {isa = PBXBuildFile; fileRef = 30B1B678C640060201A71703 /* libPods-DiaCats.a */; };
		601C59601DA64DF1004B36BB /* main.m in Sources */ = {isa = PBXBuildFile; fileRef = 601C595F1DA64DF1004B36BB /* main.m */; };
		601C59631DA64DF1004B36BB /* AppDelegate.m in Sources */ = {isa = PBXBuildFile; fileRef = 601C59621DA64DF1004B36BB /* AppDelegate.m */; };
		601C59661DA64DF1004B36BB /* ViewController.m in Sources */ = {isa = PBXBuildFile; fileRef = 601C59651DA64DF1004B36BB /* ViewController.m */; };
		601C59691DA64DF1004B36BB /* Main.storyboard in Resources */ = {isa = PBXBuildFile; fileRef = 601C59671DA64DF1004B36BB /* Main.storyboard */; };
		601C596B1DA64DF1004B36BB /* Assets.xcassets in Resources */ = {isa = PBXBuildFile; fileRef = 601C596A1DA64DF1004B36BB /* Assets.xcassets */; };
		601C596E1DA64DF1004B36BB /* LaunchScreen.storyboard in Resources */ = {isa = PBXBuildFile; fileRef = 601C596C1DA64DF1004B36BB /* LaunchScreen.storyboard */; };
		601C59771DA65153004B36BB /* MapKit.framework in Frameworks */ = {isa = PBXBuildFile; fileRef = 601C59761DA65153004B36BB /* MapKit.framework */; };
		601C59901DA702CD004B36BB /* MapViewController.xib in Resources */ = {isa = PBXBuildFile; fileRef = 601C598E1DA702CD004B36BB /* MapViewController.xib */; };
		601C599A1DA7044E004B36BB /* FlickrViewController.xib in Resources */ = {isa = PBXBuildFile; fileRef = 601C59981DA7044E004B36BB /* FlickrViewController.xib */; };
		601C599E1DA70B0B004B36BB /* FlickrViewController.m in Sources */ = {isa = PBXBuildFile; fileRef = 601C599D1DA70B0B004B36BB /* FlickrViewController.m */; };
		601C59A21DA71149004B36BB /* FKAuthViewController.m in Sources */ = {isa = PBXBuildFile; fileRef = 601C59A01DA71149004B36BB /* FKAuthViewController.m */; };
		601C59A31DA71149004B36BB /* FKAuthViewController.xib in Resources */ = {isa = PBXBuildFile; fileRef = 601C59A11DA71149004B36BB /* FKAuthViewController.xib */; };
		601C59A61DA7CAE8004B36BB /* MapViewController.m in Sources */ = {isa = PBXBuildFile; fileRef = 601C59A51DA7CAE8004B36BB /* MapViewController.m */; };
		601C59B91DA831A9004B36BB /* DCCacheManager.m in Sources */ = {isa = PBXBuildFile; fileRef = 601C59B81DA831A9004B36BB /* DCCacheManager.m */; };
		601C59BC1DA8FCDE004B36BB /* PhotosInfo.m in Sources */ = {isa = PBXBuildFile; fileRef = 601C59BB1DA8FCDE004B36BB /* PhotosInfo.m */; };
/* End PBXBuildFile section */

/* Begin PBXCopyFilesBuildPhase section */
		601C598B1DA654EB004B36BB /* Embed Frameworks */ = {
			isa = PBXCopyFilesBuildPhase;
			buildActionMask = 2147483647;
			dstPath = "";
			dstSubfolderSpec = 10;
			files = (
			);
			name = "Embed Frameworks";
			runOnlyForDeploymentPostprocessing = 0;
		};
/* End PBXCopyFilesBuildPhase section */

/* Begin PBXFileReference section */
		30B1B678C640060201A71703 /* libPods-DiaCats.a */ = {isa = PBXFileReference; explicitFileType = archive.ar; includeInIndex = 0; path = "libPods-DiaCats.a"; sourceTree = BUILT_PRODUCTS_DIR; };
		601C595B1DA64DF1004B36BB /* DiaCats.app */ = {isa = PBXFileReference; explicitFileType = wrapper.application; includeInIndex = 0; path = DiaCats.app; sourceTree = BUILT_PRODUCTS_DIR; };
		601C595F1DA64DF1004B36BB /* main.m */ = {isa = PBXFileReference; lastKnownFileType = sourcecode.c.objc; path = main.m; sourceTree = "<group>"; };
		601C59611DA64DF1004B36BB /* AppDelegate.h */ = {isa = PBXFileReference; lastKnownFileType = sourcecode.c.h; path = AppDelegate.h; sourceTree = "<group>"; };
		601C59621DA64DF1004B36BB /* AppDelegate.m */ = {isa = PBXFileReference; lastKnownFileType = sourcecode.c.objc; path = AppDelegate.m; sourceTree = "<group>"; };
		601C59641DA64DF1004B36BB /* ViewController.h */ = {isa = PBXFileReference; lastKnownFileType = sourcecode.c.h; path = ViewController.h; sourceTree = "<group>"; };
		601C59651DA64DF1004B36BB /* ViewController.m */ = {isa = PBXFileReference; lastKnownFileType = sourcecode.c.objc; path = ViewController.m; sourceTree = "<group>"; };
		601C59681DA64DF1004B36BB /* Base */ = {isa = PBXFileReference; lastKnownFileType = file.storyboard; name = Base; path = Base.lproj/Main.storyboard; sourceTree = "<group>"; };
		601C596A1DA64DF1004B36BB /* Assets.xcassets */ = {isa = PBXFileReference; lastKnownFileType = folder.assetcatalog; path = Assets.xcassets; sourceTree = "<group>"; };
		601C596D1DA64DF1004B36BB /* Base */ = {isa = PBXFileReference; lastKnownFileType = file.storyboard; name = Base; path = Base.lproj/LaunchScreen.storyboard; sourceTree = "<group>"; };
		601C596F1DA64DF1004B36BB /* Info.plist */ = {isa = PBXFileReference; lastKnownFileType = text.plist.xml; path = Info.plist; sourceTree = "<group>"; };
		601C59761DA65153004B36BB /* MapKit.framework */ = {isa = PBXFileReference; lastKnownFileType = wrapper.framework; name = MapKit.framework; path = System/Library/Frameworks/MapKit.framework; sourceTree = SDKROOT; };
		601C598F1DA702CD004B36BB /* Base */ = {isa = PBXFileReference; lastKnownFileType = file.xib; name = Base; path = Base.lproj/MapViewController.xib; sourceTree = "<group>"; };
		601C59991DA7044E004B36BB /* Base */ = {isa = PBXFileReference; lastKnownFileType = file.xib; name = Base; path = Base.lproj/FlickrViewController.xib; sourceTree = "<group>"; };
		601C599C1DA70B0B004B36BB /* FlickrViewController.h */ = {isa = PBXFileReference; fileEncoding = 4; lastKnownFileType = sourcecode.c.h; path = FlickrViewController.h; sourceTree = "<group>"; };
		601C599D1DA70B0B004B36BB /* FlickrViewController.m */ = {isa = PBXFileReference; fileEncoding = 4; lastKnownFileType = sourcecode.c.objc; path = FlickrViewController.m; sourceTree = "<group>"; };
		601C599F1DA71149004B36BB /* FKAuthViewController.h */ = {isa = PBXFileReference; fileEncoding = 4; lastKnownFileType = sourcecode.c.h; path = FKAuthViewController.h; sourceTree = "<group>"; };
		601C59A01DA71149004B36BB /* FKAuthViewController.m */ = {isa = PBXFileReference; fileEncoding = 4; lastKnownFileType = sourcecode.c.objc; path = FKAuthViewController.m; sourceTree = "<group>"; };
		601C59A11DA71149004B36BB /* FKAuthViewController.xib */ = {isa = PBXFileReference; fileEncoding = 4; lastKnownFileType = file.xib; path = FKAuthViewController.xib; sourceTree = "<group>"; };
		601C59A41DA7CAE8004B36BB /* MapViewController.h */ = {isa = PBXFileReference; fileEncoding = 4; lastKnownFileType = sourcecode.c.h; path = MapViewController.h; sourceTree = "<group>"; };
		601C59A51DA7CAE8004B36BB /* MapViewController.m */ = {isa = PBXFileReference; fileEncoding = 4; lastKnownFileType = sourcecode.c.objc; path = MapViewController.m; sourceTree = "<group>"; };
		601C59B71DA831A9004B36BB /* DCCacheManager.h */ = {isa = PBXFileReference; fileEncoding = 4; lastKnownFileType = sourcecode.c.h; path = DCCacheManager.h; sourceTree = "<group>"; };
		601C59B81DA831A9004B36BB /* DCCacheManager.m */ = {isa = PBXFileReference; fileEncoding = 4; lastKnownFileType = sourcecode.c.objc; path = DCCacheManager.m; sourceTree = "<group>"; };
		601C59BA1DA8FCDE004B36BB /* PhotosInfo.h */ = {isa = PBXFileReference; fileEncoding = 4; lastKnownFileType = sourcecode.c.h; path = PhotosInfo.h; sourceTree = "<group>"; };
		601C59BB1DA8FCDE004B36BB /* PhotosInfo.m */ = {isa = PBXFileReference; fileEncoding = 4; lastKnownFileType = sourcecode.c.objc; path = PhotosInfo.m; sourceTree = "<group>"; };
		9AE7ED9DC9C58E518A6ADF74 /* Pods-DiaCats.debug.xcconfig */ = {isa = PBXFileReference; includeInIndex = 1; lastKnownFileType = text.xcconfig; name = "Pods-DiaCats.debug.xcconfig"; path = "Pods/Target Support Files/Pods-DiaCats/Pods-DiaCats.debug.xcconfig"; sourceTree = "<group>"; };
		AA40E9ABB2E6B0CA702321C0 /* Pods-DiaCats.release.xcconfig */ = {isa = PBXFileReference; includeInIndex = 1; lastKnownFileType = text.xcconfig; name = "Pods-DiaCats.release.xcconfig"; path = "Pods/Target Support Files/Pods-DiaCats/Pods-DiaCats.release.xcconfig"; sourceTree = "<group>"; };
/* End PBXFileReference section */

/* Begin PBXFrameworksBuildPhase section */
		601C59581DA64DF0004B36BB /* Frameworks */ = {
			isa = PBXFrameworksBuildPhase;
			buildActionMask = 2147483647;
			files = (
				601C59771DA65153004B36BB /* MapKit.framework in Frameworks */,
				482CA070E1A8B1A623578FB5 /* libPods-DiaCats.a in Frameworks */,
			);
			runOnlyForDeploymentPostprocessing = 0;
		};
/* End PBXFrameworksBuildPhase section */

/* Begin PBXGroup section */
		601C59521DA64DF0004B36BB = {
			isa = PBXGroup;
			children = (
				601C595D1DA64DF1004B36BB /* DiaCats */,
				601C595C1DA64DF1004B36BB /* Products */,
				601C59751DA65153004B36BB /* Frameworks */,
				A2F9BFB28F00D76A644A16F6 /* Pods */,
			);
			sourceTree = "<group>";
		};
		601C595C1DA64DF1004B36BB /* Products */ = {
			isa = PBXGroup;
			children = (
				601C595B1DA64DF1004B36BB /* DiaCats.app */,
			);
			name = Products;
			sourceTree = "<group>";
		};
		601C595D1DA64DF1004B36BB /* DiaCats */ = {
			isa = PBXGroup;
			children = (
				601C59611DA64DF1004B36BB /* AppDelegate.h */,
				601C59621DA64DF1004B36BB /* AppDelegate.m */,
				601C59641DA64DF1004B36BB /* ViewController.h */,
				601C59651DA64DF1004B36BB /* ViewController.m */,
				601C59671DA64DF1004B36BB /* Main.storyboard */,
				601C59BA1DA8FCDE004B36BB /* PhotosInfo.h */,
				601C59BB1DA8FCDE004B36BB /* PhotosInfo.m */,
				601C59A41DA7CAE8004B36BB /* MapViewController.h */,
				601C59A51DA7CAE8004B36BB /* MapViewController.m */,
				601C598E1DA702CD004B36BB /* MapViewController.xib */,
				601C599C1DA70B0B004B36BB /* FlickrViewController.h */,
				601C599D1DA70B0B004B36BB /* FlickrViewController.m */,
				601C59981DA7044E004B36BB /* FlickrViewController.xib */,
				601C599F1DA71149004B36BB /* FKAuthViewController.h */,
				601C59A01DA71149004B36BB /* FKAuthViewController.m */,
				601C59A11DA71149004B36BB /* FKAuthViewController.xib */,
				601C59B71DA831A9004B36BB /* DCCacheManager.h */,
				601C59B81DA831A9004B36BB /* DCCacheManager.m */,
				601C596A1DA64DF1004B36BB /* Assets.xcassets */,
				601C596C1DA64DF1004B36BB /* LaunchScreen.storyboard */,
				601C596F1DA64DF1004B36BB /* Info.plist */,
				601C595E1DA64DF1004B36BB /* Supporting Files */,
			);
			path = DiaCats;
			sourceTree = "<group>";
		};
		601C595E1DA64DF1004B36BB /* Supporting Files */ = {
			isa = PBXGroup;
			children = (
				601C595F1DA64DF1004B36BB /* main.m */,
			);
			name = "Supporting Files";
			sourceTree = "<group>";
		};
		601C59751DA65153004B36BB /* Frameworks */ = {
			isa = PBXGroup;
			children = (
				601C59761DA65153004B36BB /* MapKit.framework */,
				30B1B678C640060201A71703 /* libPods-DiaCats.a */,
			);
			name = Frameworks;
			sourceTree = "<group>";
		};
		A2F9BFB28F00D76A644A16F6 /* Pods */ = {
			isa = PBXGroup;
			children = (
				9AE7ED9DC9C58E518A6ADF74 /* Pods-DiaCats.debug.xcconfig */,
				AA40E9ABB2E6B0CA702321C0 /* Pods-DiaCats.release.xcconfig */,
			);
			name = Pods;
			sourceTree = "<group>";
		};
/* End PBXGroup section */

/* Begin PBXNativeTarget section */
		601C595A1DA64DF0004B36BB /* DiaCats */ = {
			isa = PBXNativeTarget;
			buildConfigurationList = 601C59721DA64DF1004B36BB /* Build configuration list for PBXNativeTarget "DiaCats" */;
			buildPhases = (
				49BCE03CDF0D6F9DB59A6327 /* [CP] Check Pods Manifest.lock */,
				601C59571DA64DF0004B36BB /* Sources */,
				601C59581DA64DF0004B36BB /* Frameworks */,
				601C59591DA64DF0004B36BB /* Resources */,
				601C598B1DA654EB004B36BB /* Embed Frameworks */,
				73684BDA45EE22A204D404F2 /* [CP] Embed Pods Frameworks */,
				23B0BD8754CE0285F0A02094 /* [CP] Copy Pods Resources */,
			);
			buildRules = (
			);
			dependencies = (
			);
			name = DiaCats;
			productName = DiaCats;
			productReference = 601C595B1DA64DF1004B36BB /* DiaCats.app */;
			productType = "com.apple.product-type.application";
		};
/* End PBXNativeTarget section */

/* Begin PBXProject section */
		601C59531DA64DF0004B36BB /* Project object */ = {
			isa = PBXProject;
			attributes = {
				LastUpgradeCheck = 0800;
				ORGANIZATIONNAME = RomanS;
				TargetAttributes = {
					601C595A1DA64DF0004B36BB = {
						CreatedOnToolsVersion = 8.0;
						DevelopmentTeam = TES78454FS;
						ProvisioningStyle = Automatic;
						SystemCapabilities = {
							com.apple.Maps.iOS = {
								enabled = 1;
							};
						};
					};
				};
			};
			buildConfigurationList = 601C59561DA64DF0004B36BB /* Build configuration list for PBXProject "DiaCats" */;
			compatibilityVersion = "Xcode 3.2";
			developmentRegion = English;
			hasScannedForEncodings = 0;
			knownRegions = (
				en,
				Base,
			);
			mainGroup = 601C59521DA64DF0004B36BB;
			productRefGroup = 601C595C1DA64DF1004B36BB /* Products */;
			projectDirPath = "";
			projectRoot = "";
			targets = (
				601C595A1DA64DF0004B36BB /* DiaCats */,
			);
		};
/* End PBXProject section */

/* Begin PBXResourcesBuildPhase section */
		601C59591DA64DF0004B36BB /* Resources */ = {
			isa = PBXResourcesBuildPhase;
			buildActionMask = 2147483647;
			files = (
				601C596E1DA64DF1004B36BB /* LaunchScreen.storyboard in Resources */,
				601C59901DA702CD004B36BB /* MapViewController.xib in Resources */,
				601C596B1DA64DF1004B36BB /* Assets.xcassets in Resources */,
				601C59A31DA71149004B36BB /* FKAuthViewController.xib in Resources */,
				601C599A1DA7044E004B36BB /* FlickrViewController.xib in Resources */,
				601C59691DA64DF1004B36BB /* Main.storyboard in Resources */,
			);
			runOnlyForDeploymentPostprocessing = 0;
		};
/* End PBXResourcesBuildPhase section */

/* Begin PBXShellScriptBuildPhase section */
		23B0BD8754CE0285F0A02094 /* [CP] Copy Pods Resources */ = {
			isa = PBXShellScriptBuildPhase;
			buildActionMask = 2147483647;
			files = (
			);
			inputPaths = (
			);
			name = "[CP] Copy Pods Resources";
			outputPaths = (
			);
			runOnlyForDeploymentPostprocessing = 0;
			shellPath = /bin/sh;
			shellScript = "\"${SRCROOT}/Pods/Target Support Files/Pods-DiaCats/Pods-DiaCats-resources.sh\"\n";
			showEnvVarsInLog = 0;
		};
		49BCE03CDF0D6F9DB59A6327 /* [CP] Check Pods Manifest.lock */ = {
			isa = PBXShellScriptBuildPhase;
			buildActionMask = 2147483647;
			files = (
			);
			inputPaths = (
			);
			name = "[CP] Check Pods Manifest.lock";
			outputPaths = (
			);
			runOnlyForDeploymentPostprocessing = 0;
			shellPath = /bin/sh;
			shellScript = "diff \"${PODS_ROOT}/../Podfile.lock\" \"${PODS_ROOT}/Manifest.lock\" > /dev/null\nif [ $? != 0 ] ; then\n    # print error to STDERR\n    echo \"error: The sandbox is not in sync with the Podfile.lock. Run 'pod install' or update your CocoaPods installation.\" >&2\n    exit 1\nfi\n";
			showEnvVarsInLog = 0;
		};
		73684BDA45EE22A204D404F2 /* [CP] Embed Pods Frameworks */ = {
			isa = PBXShellScriptBuildPhase;
			buildActionMask = 2147483647;
			files = (
			);
			inputPaths = (
			);
			name = "[CP] Embed Pods Frameworks";
			outputPaths = (
			);
			runOnlyForDeploymentPostprocessing = 0;
			shellPath = /bin/sh;
			shellScript = "\"${SRCROOT}/Pods/Target Support Files/Pods-DiaCats/Pods-DiaCats-frameworks.sh\"\n";
			showEnvVarsInLog = 0;
		};
/* End PBXShellScriptBuildPhase section */

/* Begin PBXSourcesBuildPhase section */
		601C59571DA64DF0004B36BB /* Sources */ = {
			isa = PBXSourcesBuildPhase;
			buildActionMask = 2147483647;
			files = (
				601C59BC1DA8FCDE004B36BB /* PhotosInfo.m in Sources */,
				601C59B91DA831A9004B36BB /* DCCacheManager.m in Sources */,
				601C59A21DA71149004B36BB /* FKAuthViewController.m in Sources */,
				601C59661DA64DF1004B36BB /* ViewController.m in Sources */,
				601C59631DA64DF1004B36BB /* AppDelegate.m in Sources */,
				601C59A61DA7CAE8004B36BB /* MapViewController.m in Sources */,
				601C59601DA64DF1004B36BB /* main.m in Sources */,
				601C599E1DA70B0B004B36BB /* FlickrViewController.m in Sources */,
			);
			runOnlyForDeploymentPostprocessing = 0;
		};
/* End PBXSourcesBuildPhase section */

/* Begin PBXVariantGroup section */
		601C59671DA64DF1004B36BB /* Main.storyboard */ = {
			isa = PBXVariantGroup;
			children = (
				601C59681DA64DF1004B36BB /* Base */,
			);
			name = Main.storyboard;
			sourceTree = "<group>";
		};
		601C596C1DA64DF1004B36BB /* LaunchScreen.storyboard */ = {
			isa = PBXVariantGroup;
			children = (
				601C596D1DA64DF1004B36BB /* Base */,
			);
			name = LaunchScreen.storyboard;
			sourceTree = "<group>";
		};
		601C598E1DA702CD004B36BB /* MapViewController.xib */ = {
			isa = PBXVariantGroup;
			children = (
				601C598F1DA702CD004B36BB /* Base */,
			);
			name = MapViewController.xib;
			sourceTree = "<group>";
		};
		601C59981DA7044E004B36BB /* FlickrViewController.xib */ = {
			isa = PBXVariantGroup;
			children = (
				601C59991DA7044E004B36BB /* Base */,
			);
			name = FlickrViewController.xib;
			sourceTree = "<group>";
		};
/* End PBXVariantGroup section */

/* Begin XCBuildConfiguration section */
		601C59701DA64DF1004B36BB /* Debug */ = {
			isa = XCBuildConfiguration;
			buildSettings = {
				ALWAYS_SEARCH_USER_PATHS = NO;
				CLANG_ANALYZER_NONNULL = YES;
				CLANG_CXX_LANGUAGE_STANDARD = "gnu++0x";
				CLANG_CXX_LIBRARY = "libc++";
				CLANG_ENABLE_MODULES = YES;
				CLANG_ENABLE_OBJC_ARC = YES;
				CLANG_WARN_BOOL_CONVERSION = YES;
				CLANG_WARN_CONSTANT_CONVERSION = YES;
				CLANG_WARN_DIRECT_OBJC_ISA_USAGE = YES_ERROR;
				CLANG_WARN_DOCUMENTATION_COMMENTS = YES;
				CLANG_WARN_EMPTY_BODY = YES;
				CLANG_WARN_ENUM_CONVERSION = YES;
				CLANG_WARN_INFINITE_RECURSION = YES;
				CLANG_WARN_INT_CONVERSION = YES;
				CLANG_WARN_OBJC_ROOT_CLASS = YES_ERROR;
				CLANG_WARN_SUSPICIOUS_MOVES = YES;
				CLANG_WARN_UNREACHABLE_CODE = YES;
				CLANG_WARN__DUPLICATE_METHOD_MATCH = YES;
				"CODE_SIGN_IDENTITY[sdk=iphoneos*]" = "iPhone Developer";
				COPY_PHASE_STRIP = NO;
				DEBUG_INFORMATION_FORMAT = dwarf;
				ENABLE_STRICT_OBJC_MSGSEND = YES;
				ENABLE_TESTABILITY = YES;
				GCC_C_LANGUAGE_STANDARD = gnu99;
				GCC_DYNAMIC_NO_PIC = NO;
				GCC_NO_COMMON_BLOCKS = YES;
				GCC_OPTIMIZATION_LEVEL = 0;
				GCC_PREPROCESSOR_DEFINITIONS = (
					"DEBUG=1",
					"$(inherited)",
				);
				GCC_WARN_64_TO_32_BIT_CONVERSION = YES;
				GCC_WARN_ABOUT_RETURN_TYPE = YES_ERROR;
				GCC_WARN_UNDECLARED_SELECTOR = YES;
				GCC_WARN_UNINITIALIZED_AUTOS = YES_AGGRESSIVE;
				GCC_WARN_UNUSED_FUNCTION = YES;
				GCC_WARN_UNUSED_VARIABLE = YES;
				IPHONEOS_DEPLOYMENT_TARGET = 10.0;
				MTL_ENABLE_DEBUG_INFO = YES;
				ONLY_ACTIVE_ARCH = YES;
				SDKROOT = iphoneos;
				TARGETED_DEVICE_FAMILY = "1,2";
			};
			name = Debug;
		};
		601C59711DA64DF1004B36BB /* Release */ = {
			isa = XCBuildConfiguration;
			buildSettings = {
				ALWAYS_SEARCH_USER_PATHS = NO;
				CLANG_ANALYZER_NONNULL = YES;
				CLANG_CXX_LANGUAGE_STANDARD = "gnu++0x";
				CLANG_CXX_LIBRARY = "libc++";
				CLANG_ENABLE_MODULES = YES;
				CLANG_ENABLE_OBJC_ARC = YES;
				CLANG_WARN_BOOL_CONVERSION = YES;
				CLANG_WARN_CONSTANT_CONVERSION = YES;
				CLANG_WARN_DIRECT_OBJC_ISA_USAGE = YES_ERROR;
				CLANG_WARN_DOCUMENTATION_COMMENTS = YES;
				CLANG_WARN_EMPTY_BODY = YES;
				CLANG_WARN_ENUM_CONVERSION = YES;
				CLANG_WARN_INFINITE_RECURSION = YES;
				CLANG_WARN_INT_CONVERSION = YES;
				CLANG_WARN_OBJC_ROOT_CLASS = YES_ERROR;
				CLANG_WARN_SUSPICIOUS_MOVES = YES;
				CLANG_WARN_UNREACHABLE_CODE = YES;
				CLANG_WARN__DUPLICATE_METHOD_MATCH = YES;
				"CODE_SIGN_IDENTITY[sdk=iphoneos*]" = "iPhone Developer";
				COPY_PHASE_STRIP = NO;
				DEBUG_INFORMATION_FORMAT = "dwarf-with-dsym";
				ENABLE_NS_ASSERTIONS = NO;
				ENABLE_STRICT_OBJC_MSGSEND = YES;
				GCC_C_LANGUAGE_STANDARD = gnu99;
				GCC_NO_COMMON_BLOCKS = YES;
				GCC_WARN_64_TO_32_BIT_CONVERSION = YES;
				GCC_WARN_ABOUT_RETURN_TYPE = YES_ERROR;
				GCC_WARN_UNDECLARED_SELECTOR = YES;
				GCC_WARN_UNINITIALIZED_AUTOS = YES_AGGRESSIVE;
				GCC_WARN_UNUSED_FUNCTION = YES;
				GCC_WARN_UNUSED_VARIABLE = YES;
				IPHONEOS_DEPLOYMENT_TARGET = 10.0;
				MTL_ENABLE_DEBUG_INFO = NO;
				SDKROOT = iphoneos;
				TARGETED_DEVICE_FAMILY = "1,2";
				VALIDATE_PRODUCT = YES;
			};
			name = Release;
		};
		601C59731DA64DF1004B36BB /* Debug */ = {
			isa = XCBuildConfiguration;
			baseConfigurationReference = 9AE7ED9DC9C58E518A6ADF74 /* Pods-DiaCats.debug.xcconfig */;
			buildSettings = {
				ASSETCATALOG_COMPILER_APPICON_NAME = AppIcon;
				DEVELOPMENT_TEAM = TES78454FS;
				INFOPLIST_FILE = DiaCats/Info.plist;
				IPHONEOS_DEPLOYMENT_TARGET = 8.0;
				LD_RUNPATH_SEARCH_PATHS = "$(inherited) @executable_path/Frameworks";
				PRODUCT_BUNDLE_IDENTIFIER = mobi.7apps.diacats;
				PRODUCT_NAME = "$(TARGET_NAME)";
			};
			name = Debug;
		};
		601C59741DA64DF1004B36BB /* Release */ = {
			isa = XCBuildConfiguration;
			baseConfigurationReference = AA40E9ABB2E6B0CA702321C0 /* Pods-DiaCats.release.xcconfig */;
			buildSettings = {
				ASSETCATALOG_COMPILER_APPICON_NAME = AppIcon;
				DEVELOPMENT_TEAM = TES78454FS;
				INFOPLIST_FILE = DiaCats/Info.plist;
				IPHONEOS_DEPLOYMENT_TARGET = 8.0;
				LD_RUNPATH_SEARCH_PATHS = "$(inherited) @executable_path/Frameworks";
				PRODUCT_BUNDLE_IDENTIFIER = mobi.7apps.diacats;
				PRODUCT_NAME = "$(TARGET_NAME)";
			};
			name = Release;
		};
/* End XCBuildConfiguration section */

/* Begin XCConfigurationList section */
		601C59561DA64DF0004B36BB /* Build configuration list for PBXProject "DiaCats" */ = {
			isa = XCConfigurationList;
			buildConfigurations = (
				601C59701DA64DF1004B36BB /* Debug */,
				601C59711DA64DF1004B36BB /* Release */,
			);
			defaultConfigurationIsVisible = 0;
			defaultConfigurationName = Release;
		};
		601C59721DA64DF1004B36BB /* Build configuration list for PBXNativeTarget "DiaCats" */ = {
			isa = XCConfigurationList;
			buildConfigurations = (
				601C59731DA64DF1004B36BB /* Debug */,
				601C59741DA64DF1004B36BB /* Release */,
			);
			defaultConfigurationIsVisible = 0;
			defaultConfigurationName = Release;
		};
/* End XCConfigurationList section */
	};
	rootObject = 601C59531DA64DF0004B36BB /* Project object */;
}
